
Microsoft Visual Studio Solution File, Format Version 12.00
# Visual Studio Version 16
VisualStudioVersion = 16.0.32106.194
MinimumVisualStudioVersion = 10.0.40219.1
Project("{FAE04EC0-301F-11D3-BF4B-00C04F79EFBC}") = "answers", "answers.csproj", "{910C33D6-65C9-43EE-9723-46F6790DF544}"
EndProject
Global
	GlobalSection(SolutionConfigurationPlatforms) = preSolution
		Debug|Any CPU = Debug|Any CPU
		Release|Any CPU = Release|Any CPU
	EndGlobalSection
	GlobalSection(ProjectConfigurationPlatforms) = postSolution
		{910C33D6-65C9-43EE-9723-46F6790DF544}.Debug|Any CPU.ActiveCfg = Debug|Any CPU
		{910C33D6-65C9-43EE-9723-46F6790DF544}.Debug|Any CPU.Build.0 = Debug|Any CPU
		{910C33D6-65C9-43EE-9723-46F6790DF544}.Release|Any CPU.ActiveCfg = Release|Any CPU
		{910C33D6-65C9-43EE-9723-46F6790DF544}.Release|Any CPU.Build.0 = Release|Any CPU
	EndGlobalSection
	GlobalSection(SolutionProperties) = preSolution
		HideSolutionNode = FALSE
	EndGlobalSection
	GlobalSection(ExtensibilityGlobals) = postSolution
		SolutionGuid = {766D7B72-6FB1-499D-8A4D-4F997C5D6241}
	EndGlobalSection
EndGlobal
